// !$*UTF8*$!
{
	archiveVersion = 1;
	classes = {
	};
	objectVersion = 50;
	objects = {

/* Begin PBXBuildFile section */
		6CE5BF0F26395F1F007DD106 /* AppDelegate.swift in Sources */ = {isa = PBXBuildFile; fileRef = 6CE5BF0E26395F1F007DD106 /* AppDelegate.swift */; };
		6CE5BF1126395F1F007DD106 /* SceneDelegate.swift in Sources */ = {isa = PBXBuildFile; fileRef = 6CE5BF1026395F1F007DD106 /* SceneDelegate.swift */; };
		6CE5BF1326395F1F007DD106 /* ViewController.swift in Sources */ = {isa = PBXBuildFile; fileRef = 6CE5BF1226395F1F007DD106 /* ViewController.swift */; };
		6CE5BF1626395F1F007DD106 /* Main.storyboard in Resources */ = {isa = PBXBuildFile; fileRef = 6CE5BF1426395F1F007DD106 /* Main.storyboard */; };
		6CE5BF1826395F21007DD106 /* Assets.xcassets in Resources */ = {isa = PBXBuildFile; fileRef = 6CE5BF1726395F21007DD106 /* Assets.xcassets */; };
		6CE5BF1B26395F21007DD106 /* LaunchScreen.storyboard in Resources */ = {isa = PBXBuildFile; fileRef = 6CE5BF1926395F21007DD106 /* LaunchScreen.storyboard */; };
		6CE5C03C263AA257007DD106 /* CoachMarksControllerDataSource.swift in Sources */ = {isa = PBXBuildFile; fileRef = 6CE5C012263AA257007DD106 /* CoachMarksControllerDataSource.swift */; };
		6CE5C03D263AA257007DD106 /* CoachMarkController.swift in Sources */ = {isa = PBXBuildFile; fileRef = 6CE5C013263AA257007DD106 /* CoachMarkController.swift */; };
		6CE5C03E263AA257007DD106 /* FlowManager.swift in Sources */ = {isa = PBXBuildFile; fileRef = 6CE5C015263AA257007DD106 /* FlowManager.swift */; };
		6CE5C03F263AA257007DD106 /* CoachMarkAnimationManager.swift in Sources */ = {isa = PBXBuildFile; fileRef = 6CE5C018263AA257007DD106 /* CoachMarkAnimationManager.swift */; };
		6CE5C040263AA257007DD106 /* CoachMarkTransitionManager.swift in Sources */ = {isa = PBXBuildFile; fileRef = 6CE5C019263AA257007DD106 /* CoachMarkTransitionManager.swift */; };
		6CE5C041263AA257007DD106 /* CoachMarkAnimationManagement.swift in Sources */ = {isa = PBXBuildFile; fileRef = 6CE5C01A263AA257007DD106 /* CoachMarkAnimationManagement.swift */; };
		6CE5C042263AA257007DD106 /* CoachMarkBubbleView.swift in Sources */ = {isa = PBXBuildFile; fileRef = 6CE5C01C263AA257007DD106 /* CoachMarkBubbleView.swift */; };
		6CE5C043263AA257007DD106 /* CoachMarkBubble.swift in Sources */ = {isa = PBXBuildFile; fileRef = 6CE5C01D263AA257007DD106 /* CoachMarkBubble.swift */; };
		6CE5C044263AA257007DD106 /* CoachMark.swift in Sources */ = {isa = PBXBuildFile; fileRef = 6CE5C01E263AA257007DD106 /* CoachMark.swift */; };
		6CE5C047263AA257007DD106 /* CoachMarkLayoutHelper.swift in Sources */ = {isa = PBXBuildFile; fileRef = 6CE5C025263AA257007DD106 /* CoachMarkLayoutHelper.swift */; };
		6CE5C048263AA257007DD106 /* CoachMarkViewControllerDelegate.swift in Sources */ = {isa = PBXBuildFile; fileRef = 6CE5C027263AA257007DD106 /* CoachMarkViewControllerDelegate.swift */; };
		6CE5C049263AA257007DD106 /* CoachMarksViewController.swift in Sources */ = {isa = PBXBuildFile; fileRef = 6CE5C028263AA257007DD106 /* CoachMarksViewController.swift */; };
		6CE5C04A263AA257007DD106 /* CoachMarkDisplayManager.swift in Sources */ = {isa = PBXBuildFile; fileRef = 6CE5C02A263AA257007DD106 /* CoachMarkDisplayManager.swift */; };
		6CE5C04B263AA257007DD106 /* OverlayManager.swift in Sources */ = {isa = PBXBuildFile; fileRef = 6CE5C02C263AA257007DD106 /* OverlayManager.swift */; };
		6CE5C04C263AA257007DD106 /* OverlayView.swift in Sources */ = {isa = PBXBuildFile; fileRef = 6CE5C02D263AA257007DD106 /* OverlayView.swift */; };
		6CE5C04D263AA257007DD106 /* TranslucentOverlayStyleManager.swift in Sources */ = {isa = PBXBuildFile; fileRef = 6CE5C02E263AA257007DD106 /* TranslucentOverlayStyleManager.swift */; };
		6CE5C04E263AA257007DD106 /* PassthroughViews.swift in Sources */ = {isa = PBXBuildFile; fileRef = 6CE5C030263AA257007DD106 /* PassthroughViews.swift */; };
		6CE5C04F263AA257007DD106 /* PresentationContext.swift in Sources */ = {isa = PBXBuildFile; fileRef = 6CE5C032263AA257007DD106 /* PresentationContext.swift */; };
		6CE5C050263AA257007DD106 /* UIView+Layout.swift in Sources */ = {isa = PBXBuildFile; fileRef = 6CE5C035263AA257007DD106 /* UIView+Layout.swift */; };
		6CE5C051263AA257007DD106 /* UIApplication+WindowScene.swift in Sources */ = {isa = PBXBuildFile; fileRef = 6CE5C036263AA257007DD106 /* UIApplication+WindowScene.swift */; };
		6CE5C052263AA257007DD106 /* AccessibilityIdentifiers.swift in Sources */ = {isa = PBXBuildFile; fileRef = 6CE5C037263AA257007DD106 /* AccessibilityIdentifiers.swift */; };
		6CE5C053263AA257007DD106 /* ErrorMessage.swift in Sources */ = {isa = PBXBuildFile; fileRef = 6CE5C038263AA257007DD106 /* ErrorMessage.swift */; };
		6CE5C054263AA257007DD106 /* CoachMarkHelper.swift in Sources */ = {isa = PBXBuildFile; fileRef = 6CE5C03A263AA257007DD106 /* CoachMarkHelper.swift */; };
		6CE5C05A263AA2B2007DD106 /* Overlay.swift in Sources */ = {isa = PBXBuildFile; fileRef = 6CE5C059263AA2B2007DD106 /* Overlay.swift */; };
/* End PBXBuildFile section */

/* Begin PBXFileReference section */
		6CE5BF0B26395F1F007DD106 /* Overlay.app */ = {isa = PBXFileReference; explicitFileType = wrapper.application; includeInIndex = 0; path = Overlay.app; sourceTree = BUILT_PRODUCTS_DIR; };
		6CE5BF0E26395F1F007DD106 /* AppDelegate.swift */ = {isa = PBXFileReference; lastKnownFileType = sourcecode.swift; path = AppDelegate.swift; sourceTree = "<group>"; };
		6CE5BF1026395F1F007DD106 /* SceneDelegate.swift */ = {isa = PBXFileReference; lastKnownFileType = sourcecode.swift; path = SceneDelegate.swift; sourceTree = "<group>"; };
		6CE5BF1226395F1F007DD106 /* ViewController.swift */ = {isa = PBXFileReference; lastKnownFileType = sourcecode.swift; path = ViewController.swift; sourceTree = "<group>"; };
		6CE5BF1526395F1F007DD106 /* Base */ = {isa = PBXFileReference; lastKnownFileType = file.storyboard; name = Base; path = Base.lproj/Main.storyboard; sourceTree = "<group>"; };
		6CE5BF1726395F21007DD106 /* Assets.xcassets */ = {isa = PBXFileReference; lastKnownFileType = folder.assetcatalog; path = Assets.xcassets; sourceTree = "<group>"; };
		6CE5BF1A26395F21007DD106 /* Base */ = {isa = PBXFileReference; lastKnownFileType = file.storyboard; name = Base; path = Base.lproj/LaunchScreen.storyboard; sourceTree = "<group>"; };
		6CE5BF1C26395F21007DD106 /* Info.plist */ = {isa = PBXFileReference; lastKnownFileType = text.plist.xml; path = Info.plist; sourceTree = "<group>"; };
		6CE5C012263AA257007DD106 /* CoachMarksControllerDataSource.swift */ = {isa = PBXFileReference; fileEncoding = 4; lastKnownFileType = sourcecode.swift; path = CoachMarksControllerDataSource.swift; sourceTree = "<group>"; };
		6CE5C013263AA257007DD106 /* CoachMarkController.swift */ = {isa = PBXFileReference; fileEncoding = 4; lastKnownFileType = sourcecode.swift; path = CoachMarkController.swift; sourceTree = "<group>"; };
		6CE5C015263AA257007DD106 /* FlowManager.swift */ = {isa = PBXFileReference; fileEncoding = 4; lastKnownFileType = sourcecode.swift; path = FlowManager.swift; sourceTree = "<group>"; };
		6CE5C018263AA257007DD106 /* CoachMarkAnimationManager.swift */ = {isa = PBXFileReference; fileEncoding = 4; lastKnownFileType = sourcecode.swift; path = CoachMarkAnimationManager.swift; sourceTree = "<group>"; };
		6CE5C019263AA257007DD106 /* CoachMarkTransitionManager.swift */ = {isa = PBXFileReference; fileEncoding = 4; lastKnownFileType = sourcecode.swift; path = CoachMarkTransitionManager.swift; sourceTree = "<group>"; };
		6CE5C01A263AA257007DD106 /* CoachMarkAnimationManagement.swift */ = {isa = PBXFileReference; fileEncoding = 4; lastKnownFileType = sourcecode.swift; path = CoachMarkAnimationManagement.swift; sourceTree = "<group>"; };
		6CE5C01C263AA257007DD106 /* CoachMarkBubbleView.swift */ = {isa = PBXFileReference; fileEncoding = 4; lastKnownFileType = sourcecode.swift; path = CoachMarkBubbleView.swift; sourceTree = "<group>"; };
		6CE5C01D263AA257007DD106 /* CoachMarkBubble.swift */ = {isa = PBXFileReference; fileEncoding = 4; lastKnownFileType = sourcecode.swift; path = CoachMarkBubble.swift; sourceTree = "<group>"; };
		6CE5C01E263AA257007DD106 /* CoachMark.swift */ = {isa = PBXFileReference; fileEncoding = 4; lastKnownFileType = sourcecode.swift; path = CoachMark.swift; sourceTree = "<group>"; };
		6CE5C025263AA257007DD106 /* CoachMarkLayoutHelper.swift */ = {isa = PBXFileReference; fileEncoding = 4; lastKnownFileType = sourcecode.swift; path = CoachMarkLayoutHelper.swift; sourceTree = "<group>"; };
		6CE5C027263AA257007DD106 /* CoachMarkViewControllerDelegate.swift */ = {isa = PBXFileReference; fileEncoding = 4; lastKnownFileType = sourcecode.swift; path = CoachMarkViewControllerDelegate.swift; sourceTree = "<group>"; };
		6CE5C028263AA257007DD106 /* CoachMarksViewController.swift */ = {isa = PBXFileReference; fileEncoding = 4; lastKnownFileType = sourcecode.swift; path = CoachMarksViewController.swift; sourceTree = "<group>"; };
		6CE5C02A263AA257007DD106 /* CoachMarkDisplayManager.swift */ = {isa = PBXFileReference; fileEncoding = 4; lastKnownFileType = sourcecode.swift; path = CoachMarkDisplayManager.swift; sourceTree = "<group>"; };
		6CE5C02C263AA257007DD106 /* OverlayManager.swift */ = {isa = PBXFileReference; fileEncoding = 4; lastKnownFileType = sourcecode.swift; path = OverlayManager.swift; sourceTree = "<group>"; };
		6CE5C02D263AA257007DD106 /* OverlayView.swift */ = {isa = PBXFileReference; fileEncoding = 4; lastKnownFileType = sourcecode.swift; path = OverlayView.swift; sourceTree = "<group>"; };
		6CE5C02E263AA257007DD106 /* TranslucentOverlayStyleManager.swift */ = {isa = PBXFileReference; fileEncoding = 4; lastKnownFileType = sourcecode.swift; path = TranslucentOverlayStyleManager.swift; sourceTree = "<group>"; };
		6CE5C030263AA257007DD106 /* PassthroughViews.swift */ = {isa = PBXFileReference; fileEncoding = 4; lastKnownFileType = sourcecode.swift; path = PassthroughViews.swift; sourceTree = "<group>"; };
		6CE5C032263AA257007DD106 /* PresentationContext.swift */ = {isa = PBXFileReference; fileEncoding = 4; lastKnownFileType = sourcecode.swift; path = PresentationContext.swift; sourceTree = "<group>"; };
		6CE5C035263AA257007DD106 /* UIView+Layout.swift */ = {isa = PBXFileReference; fileEncoding = 4; lastKnownFileType = sourcecode.swift; path = "UIView+Layout.swift"; sourceTree = "<group>"; };
		6CE5C036263AA257007DD106 /* UIApplication+WindowScene.swift */ = {isa = PBXFileReference; fileEncoding = 4; lastKnownFileType = sourcecode.swift; path = "UIApplication+WindowScene.swift"; sourceTree = "<group>"; };
		6CE5C037263AA257007DD106 /* AccessibilityIdentifiers.swift */ = {isa = PBXFileReference; fileEncoding = 4; lastKnownFileType = sourcecode.swift; path = AccessibilityIdentifiers.swift; sourceTree = "<group>"; };
		6CE5C038263AA257007DD106 /* ErrorMessage.swift */ = {isa = PBXFileReference; fileEncoding = 4; lastKnownFileType = sourcecode.swift; path = ErrorMessage.swift; sourceTree = "<group>"; };
		6CE5C03A263AA257007DD106 /* CoachMarkHelper.swift */ = {isa = PBXFileReference; fileEncoding = 4; lastKnownFileType = sourcecode.swift; path = CoachMarkHelper.swift; sourceTree = "<group>"; };
		6CE5C059263AA2B2007DD106 /* Overlay.swift */ = {isa = PBXFileReference; lastKnownFileType = sourcecode.swift; path = Overlay.swift; sourceTree = "<group>"; };
/* End PBXFileReference section */

/* Begin PBXFrameworksBuildPhase section */
		6CE5BF0826395F1F007DD106 /* Frameworks */ = {
			isa = PBXFrameworksBuildPhase;
			buildActionMask = 2147483647;
			files = (
			);
			runOnlyForDeploymentPostprocessing = 0;
		};
/* End PBXFrameworksBuildPhase section */

/* Begin PBXGroup section */
		6CE5BF0226395F1F007DD106 = {
			isa = PBXGroup;
			children = (
				6CE5BF0D26395F1F007DD106 /* Overlay */,
				6CE5BF0C26395F1F007DD106 /* Products */,
			);
			sourceTree = "<group>";
		};
		6CE5BF0C26395F1F007DD106 /* Products */ = {
			isa = PBXGroup;
			children = (
				6CE5BF0B26395F1F007DD106 /* Overlay.app */,
			);
			name = Products;
			sourceTree = "<group>";
		};
		6CE5BF0D26395F1F007DD106 /* Overlay */ = {
			isa = PBXGroup;
			children = (
				6CE5C059263AA2B2007DD106 /* Overlay.swift */,
				6CE5C00E263AA257007DD106 /* Coaching */,
				6CE5BF0E26395F1F007DD106 /* AppDelegate.swift */,
				6CE5BF1026395F1F007DD106 /* SceneDelegate.swift */,
				6CE5BF1226395F1F007DD106 /* ViewController.swift */,
				6CE5BF1426395F1F007DD106 /* Main.storyboard */,
				6CE5BF1726395F21007DD106 /* Assets.xcassets */,
				6CE5BF1926395F21007DD106 /* LaunchScreen.storyboard */,
				6CE5BF1C26395F21007DD106 /* Info.plist */,
			);
			path = Overlay;
			sourceTree = "<group>";
		};
		6CE5C00E263AA257007DD106 /* Coaching */ = {
			isa = PBXGroup;
			children = (
				6CE5C010263AA257007DD106 /* Controller */,
				6CE5C023263AA257007DD106 /* View Controller */,
				6CE5C016263AA257007DD106 /* Coach Mark */,
				6CE5C02B263AA257007DD106 /* Overlay */,
				6CE5C02F263AA257007DD106 /* Views */,
				6CE5C031263AA257007DD106 /* Helpers */,
			);
			path = Coaching;
			sourceTree = "<group>";
		};
		6CE5C010263AA257007DD106 /* Controller */ = {
			isa = PBXGroup;
			children = (
				6CE5C011263AA257007DD106 /* DataSource */,
				6CE5C013263AA257007DD106 /* CoachMarkController.swift */,
				6CE5C014263AA257007DD106 /* Flow manager */,
			);
			path = Controller;
			sourceTree = "<group>";
		};
		6CE5C011263AA257007DD106 /* DataSource */ = {
			isa = PBXGroup;
			children = (
				6CE5C012263AA257007DD106 /* CoachMarksControllerDataSource.swift */,
			);
			path = DataSource;
			sourceTree = "<group>";
		};
		6CE5C014263AA257007DD106 /* Flow manager */ = {
			isa = PBXGroup;
			children = (
				6CE5C015263AA257007DD106 /* FlowManager.swift */,
			);
			path = "Flow manager";
			sourceTree = "<group>";
		};
		6CE5C016263AA257007DD106 /* Coach Mark */ = {
			isa = PBXGroup;
			children = (
				6CE5C01E263AA257007DD106 /* CoachMark.swift */,
				6CE5C01B263AA257007DD106 /* Bubble */,
				6CE5C017263AA257007DD106 /* Animation */,
			);
			path = "Coach Mark";
			sourceTree = "<group>";
		};
		6CE5C017263AA257007DD106 /* Animation */ = {
			isa = PBXGroup;
			children = (
				6CE5C018263AA257007DD106 /* CoachMarkAnimationManager.swift */,
				6CE5C019263AA257007DD106 /* CoachMarkTransitionManager.swift */,
				6CE5C01A263AA257007DD106 /* CoachMarkAnimationManagement.swift */,
			);
			path = Animation;
			sourceTree = "<group>";
		};
		6CE5C01B263AA257007DD106 /* Bubble */ = {
			isa = PBXGroup;
			children = (
				6CE5C01C263AA257007DD106 /* CoachMarkBubbleView.swift */,
				6CE5C01D263AA257007DD106 /* CoachMarkBubble.swift */,
			);
			path = Bubble;
			sourceTree = "<group>";
		};
		6CE5C023263AA257007DD106 /* View Controller */ = {
			isa = PBXGroup;
			children = (
				6CE5C028263AA257007DD106 /* CoachMarksViewController.swift */,
				6CE5C029263AA257007DD106 /* Display Manager */,
				6CE5C024263AA257007DD106 /* Layout */,
				6CE5C026263AA257007DD106 /* Delegate */,
			);
			path = "View Controller";
			sourceTree = "<group>";
		};
		6CE5C024263AA257007DD106 /* Layout */ = {
			isa = PBXGroup;
			children = (
				6CE5C025263AA257007DD106 /* CoachMarkLayoutHelper.swift */,
			);
			path = Layout;
			sourceTree = "<group>";
		};
		6CE5C026263AA257007DD106 /* Delegate */ = {
			isa = PBXGroup;
			children = (
				6CE5C027263AA257007DD106 /* CoachMarkViewControllerDelegate.swift */,
			);
			path = Delegate;
			sourceTree = "<group>";
		};
		6CE5C029263AA257007DD106 /* Display Manager */ = {
			isa = PBXGroup;
			children = (
				6CE5C02A263AA257007DD106 /* CoachMarkDisplayManager.swift */,
			);
			path = "Display Manager";
			sourceTree = "<group>";
		};
		6CE5C02B263AA257007DD106 /* Overlay */ = {
			isa = PBXGroup;
			children = (
				6CE5C02C263AA257007DD106 /* OverlayManager.swift */,
				6CE5C02D263AA257007DD106 /* OverlayView.swift */,
				6CE5C02E263AA257007DD106 /* TranslucentOverlayStyleManager.swift */,
			);
			path = Overlay;
			sourceTree = "<group>";
		};
		6CE5C02F263AA257007DD106 /* Views */ = {
			isa = PBXGroup;
			children = (
				6CE5C030263AA257007DD106 /* PassthroughViews.swift */,
			);
			path = Views;
			sourceTree = "<group>";
		};
		6CE5C031263AA257007DD106 /* Helpers */ = {
			isa = PBXGroup;
			children = (
				6CE5C032263AA257007DD106 /* PresentationContext.swift */,
				6CE5C033263AA257007DD106 /* Internal */,
				6CE5C039263AA257007DD106 /* Public */,
			);
			path = Helpers;
			sourceTree = "<group>";
		};
		6CE5C033263AA257007DD106 /* Internal */ = {
			isa = PBXGroup;
			children = (
				6CE5C034263AA257007DD106 /* Extensions */,
				6CE5C037263AA257007DD106 /* AccessibilityIdentifiers.swift */,
				6CE5C038263AA257007DD106 /* ErrorMessage.swift */,
			);
			path = Internal;
			sourceTree = "<group>";
		};
		6CE5C034263AA257007DD106 /* Extensions */ = {
			isa = PBXGroup;
			children = (
				6CE5C035263AA257007DD106 /* UIView+Layout.swift */,
				6CE5C036263AA257007DD106 /* UIApplication+WindowScene.swift */,
			);
			path = Extensions;
			sourceTree = "<group>";
		};
		6CE5C039263AA257007DD106 /* Public */ = {
			isa = PBXGroup;
			children = (
				6CE5C03A263AA257007DD106 /* CoachMarkHelper.swift */,
			);
			path = Public;
			sourceTree = "<group>";
		};
/* End PBXGroup section */

/* Begin PBXNativeTarget section */
		6CE5BF0A26395F1F007DD106 /* Overlay */ = {
			isa = PBXNativeTarget;
			buildConfigurationList = 6CE5BF1F26395F21007DD106 /* Build configuration list for PBXNativeTarget "Overlay" */;
			buildPhases = (
				6CE5BF0726395F1F007DD106 /* Sources */,
				6CE5BF0826395F1F007DD106 /* Frameworks */,
				6CE5BF0926395F1F007DD106 /* Resources */,
			);
			buildRules = (
			);
			dependencies = (
			);
			name = Overlay;
			productName = Overlay;
			productReference = 6CE5BF0B26395F1F007DD106 /* Overlay.app */;
			productType = "com.apple.product-type.application";
		};
/* End PBXNativeTarget section */

/* Begin PBXProject section */
		6CE5BF0326395F1F007DD106 /* Project object */ = {
			isa = PBXProject;
			attributes = {
				LastSwiftUpdateCheck = 1240;
				LastUpgradeCheck = 1240;
				TargetAttributes = {
					6CE5BF0A26395F1F007DD106 = {
						CreatedOnToolsVersion = 12.4;
					};
				};
			};
			buildConfigurationList = 6CE5BF0626395F1F007DD106 /* Build configuration list for PBXProject "Overlay" */;
			compatibilityVersion = "Xcode 9.3";
			developmentRegion = en;
			hasScannedForEncodings = 0;
			knownRegions = (
				en,
				Base,
			);
			mainGroup = 6CE5BF0226395F1F007DD106;
			productRefGroup = 6CE5BF0C26395F1F007DD106 /* Products */;
			projectDirPath = "";
			projectRoot = "";
			targets = (
				6CE5BF0A26395F1F007DD106 /* Overlay */,
			);
		};
/* End PBXProject section */

/* Begin PBXResourcesBuildPhase section */
		6CE5BF0926395F1F007DD106 /* Resources */ = {
			isa = PBXResourcesBuildPhase;
			buildActionMask = 2147483647;
			files = (
				6CE5BF1B26395F21007DD106 /* LaunchScreen.storyboard in Resources */,
				6CE5BF1826395F21007DD106 /* Assets.xcassets in Resources */,
				6CE5BF1626395F1F007DD106 /* Main.storyboard in Resources */,
			);
			runOnlyForDeploymentPostprocessing = 0;
		};
/* End PBXResourcesBuildPhase section */

/* Begin PBXSourcesBuildPhase section */
		6CE5BF0726395F1F007DD106 /* Sources */ = {
			isa = PBXSourcesBuildPhase;
			buildActionMask = 2147483647;
			files = (
				6CE5C048263AA257007DD106 /* CoachMarkViewControllerDelegate.swift in Sources */,
				6CE5C05A263AA2B2007DD106 /* Overlay.swift in Sources */,
				6CE5C03D263AA257007DD106 /* CoachMarkController.swift in Sources */,
				6CE5C053263AA257007DD106 /* ErrorMessage.swift in Sources */,
				6CE5C044263AA257007DD106 /* CoachMark.swift in Sources */,
				6CE5C04F263AA257007DD106 /* PresentationContext.swift in Sources */,
				6CE5C04C263AA257007DD106 /* OverlayView.swift in Sources */,
				6CE5C03F263AA257007DD106 /* CoachMarkAnimationManager.swift in Sources */,
				6CE5C040263AA257007DD106 /* CoachMarkTransitionManager.swift in Sources */,
				6CE5C041263AA257007DD106 /* CoachMarkAnimationManagement.swift in Sources */,
				6CE5C04B263AA257007DD106 /* OverlayManager.swift in Sources */,
				6CE5C03E263AA257007DD106 /* FlowManager.swift in Sources */,
				6CE5C049263AA257007DD106 /* CoachMarksViewController.swift in Sources */,
				6CE5C04D263AA257007DD106 /* TranslucentOverlayStyleManager.swift in Sources */,
				6CE5BF1326395F1F007DD106 /* ViewController.swift in Sources */,
				6CE5C050263AA257007DD106 /* UIView+Layout.swift in Sources */,
				6CE5C03C263AA257007DD106 /* CoachMarksControllerDataSource.swift in Sources */,
				6CE5C054263AA257007DD106 /* CoachMarkHelper.swift in Sources */,
				6CE5C051263AA257007DD106 /* UIApplication+WindowScene.swift in Sources */,
				6CE5C04E263AA257007DD106 /* PassthroughViews.swift in Sources */,
				6CE5C052263AA257007DD106 /* AccessibilityIdentifiers.swift in Sources */,
				6CE5C042263AA257007DD106 /* CoachMarkBubbleView.swift in Sources */,
				6CE5C04A263AA257007DD106 /* CoachMarkDisplayManager.swift in Sources */,
				6CE5C047263AA257007DD106 /* CoachMarkLayoutHelper.swift in Sources */,
				6CE5BF0F26395F1F007DD106 /* AppDelegate.swift in Sources */,
				6CE5BF1126395F1F007DD106 /* SceneDelegate.swift in Sources */,
				6CE5C043263AA257007DD106 /* CoachMarkBubble.swift in Sources */,
			);
			runOnlyForDeploymentPostprocessing = 0;
		};
/* End PBXSourcesBuildPhase section */

/* Begin PBXVariantGroup section */
		6CE5BF1426395F1F007DD106 /* Main.storyboard */ = {
			isa = PBXVariantGroup;
			children = (
				6CE5BF1526395F1F007DD106 /* Base */,
			);
			name = Main.storyboard;
			sourceTree = "<group>";
		};
		6CE5BF1926395F21007DD106 /* LaunchScreen.storyboard */ = {
			isa = PBXVariantGroup;
			children = (
				6CE5BF1A26395F21007DD106 /* Base */,
			);
			name = LaunchScreen.storyboard;
			sourceTree = "<group>";
		};
/* End PBXVariantGroup section */

/* Begin XCBuildConfiguration section */
		6CE5BF1D26395F21007DD106 /* Debug */ = {
			isa = XCBuildConfiguration;
			buildSettings = {
				ALWAYS_SEARCH_USER_PATHS = NO;
				CLANG_ANALYZER_NONNULL = YES;
				CLANG_ANALYZER_NUMBER_OBJECT_CONVERSION = YES_AGGRESSIVE;
				CLANG_CXX_LANGUAGE_STANDARD = "gnu++14";
				CLANG_CXX_LIBRARY = "libc++";
				CLANG_ENABLE_MODULES = YES;
				CLANG_ENABLE_OBJC_ARC = YES;
				CLANG_ENABLE_OBJC_WEAK = YES;
				CLANG_WARN_BLOCK_CAPTURE_AUTORELEASING = YES;
				CLANG_WARN_BOOL_CONVERSION = YES;
				CLANG_WARN_COMMA = YES;
				CLANG_WARN_CONSTANT_CONVERSION = YES;
				CLANG_WARN_DEPRECATED_OBJC_IMPLEMENTATIONS = YES;
				CLANG_WARN_DIRECT_OBJC_ISA_USAGE = YES_ERROR;
				CLANG_WARN_DOCUMENTATION_COMMENTS = YES;
				CLANG_WARN_EMPTY_BODY = YES;
				CLANG_WARN_ENUM_CONVERSION = YES;
				CLANG_WARN_INFINITE_RECURSION = YES;
				CLANG_WARN_INT_CONVERSION = YES;
				CLANG_WARN_NON_LITERAL_NULL_CONVERSION = YES;
				CLANG_WARN_OBJC_IMPLICIT_RETAIN_SELF = YES;
				CLANG_WARN_OBJC_LITERAL_CONVERSION = YES;
				CLANG_WARN_OBJC_ROOT_CLASS = YES_ERROR;
				CLANG_WARN_QUOTED_INCLUDE_IN_FRAMEWORK_HEADER = YES;
				CLANG_WARN_RANGE_LOOP_ANALYSIS = YES;
				CLANG_WARN_STRICT_PROTOTYPES = YES;
				CLANG_WARN_SUSPICIOUS_MOVE = YES;
				CLANG_WARN_UNGUARDED_AVAILABILITY = YES_AGGRESSIVE;
				CLANG_WARN_UNREACHABLE_CODE = YES;
				CLANG_WARN__DUPLICATE_METHOD_MATCH = YES;
				COPY_PHASE_STRIP = NO;
				DEBUG_INFORMATION_FORMAT = dwarf;
				ENABLE_STRICT_OBJC_MSGSEND = YES;
				ENABLE_TESTABILITY = YES;
				GCC_C_LANGUAGE_STANDARD = gnu11;
				GCC_DYNAMIC_NO_PIC = NO;
				GCC_NO_COMMON_BLOCKS = YES;
				GCC_OPTIMIZATION_LEVEL = 0;
				GCC_PREPROCESSOR_DEFINITIONS = (
					"DEBUG=1",
					"$(inherited)",
				);
				GCC_WARN_64_TO_32_BIT_CONVERSION = YES;
				GCC_WARN_ABOUT_RETURN_TYPE = YES_ERROR;
				GCC_WARN_UNDECLARED_SELECTOR = YES;
				GCC_WARN_UNINITIALIZED_AUTOS = YES_AGGRESSIVE;
				GCC_WARN_UNUSED_FUNCTION = YES;
				GCC_WARN_UNUSED_VARIABLE = YES;
				IPHONEOS_DEPLOYMENT_TARGET = 14.4;
				MTL_ENABLE_DEBUG_INFO = INCLUDE_SOURCE;
				MTL_FAST_MATH = YES;
				ONLY_ACTIVE_ARCH = YES;
				SDKROOT = iphoneos;
				SWIFT_ACTIVE_COMPILATION_CONDITIONS = DEBUG;
				SWIFT_OPTIMIZATION_LEVEL = "-Onone";
			};
			name = Debug;
		};
		6CE5BF1E26395F21007DD106 /* Release */ = {
			isa = XCBuildConfiguration;
			buildSettings = {
				ALWAYS_SEARCH_USER_PATHS = NO;
				CLANG_ANALYZER_NONNULL = YES;
				CLANG_ANALYZER_NUMBER_OBJECT_CONVERSION = YES_AGGRESSIVE;
				CLANG_CXX_LANGUAGE_STANDARD = "gnu++14";
				CLANG_CXX_LIBRARY = "libc++";
				CLANG_ENABLE_MODULES = YES;
				CLANG_ENABLE_OBJC_ARC = YES;
				CLANG_ENABLE_OBJC_WEAK = YES;
				CLANG_WARN_BLOCK_CAPTURE_AUTORELEASING = YES;
				CLANG_WARN_BOOL_CONVERSION = YES;
				CLANG_WARN_COMMA = YES;
				CLANG_WARN_CONSTANT_CONVERSION = YES;
				CLANG_WARN_DEPRECATED_OBJC_IMPLEMENTATIONS = YES;
				CLANG_WARN_DIRECT_OBJC_ISA_USAGE = YES_ERROR;
				CLANG_WARN_DOCUMENTATION_COMMENTS = YES;
				CLANG_WARN_EMPTY_BODY = YES;
				CLANG_WARN_ENUM_CONVERSION = YES;
				CLANG_WARN_INFINITE_RECURSION = YES;
				CLANG_WARN_INT_CONVERSION = YES;
				CLANG_WARN_NON_LITERAL_NULL_CONVERSION = YES;
				CLANG_WARN_OBJC_IMPLICIT_RETAIN_SELF = YES;
				CLANG_WARN_OBJC_LITERAL_CONVERSION = YES;
				CLANG_WARN_OBJC_ROOT_CLASS = YES_ERROR;
				CLANG_WARN_QUOTED_INCLUDE_IN_FRAMEWORK_HEADER = YES;
				CLANG_WARN_RANGE_LOOP_ANALYSIS = YES;
				CLANG_WARN_STRICT_PROTOTYPES = YES;
				CLANG_WARN_SUSPICIOUS_MOVE = YES;
				CLANG_WARN_UNGUARDED_AVAILABILITY = YES_AGGRESSIVE;
				CLANG_WARN_UNREACHABLE_CODE = YES;
				CLANG_WARN__DUPLICATE_METHOD_MATCH = YES;
				COPY_PHASE_STRIP = NO;
				DEBUG_INFORMATION_FORMAT = "dwarf-with-dsym";
				ENABLE_NS_ASSERTIONS = NO;
				ENABLE_STRICT_OBJC_MSGSEND = YES;
				GCC_C_LANGUAGE_STANDARD = gnu11;
				GCC_NO_COMMON_BLOCKS = YES;
				GCC_WARN_64_TO_32_BIT_CONVERSION = YES;
				GCC_WARN_ABOUT_RETURN_TYPE = YES_ERROR;
				GCC_WARN_UNDECLARED_SELECTOR = YES;
				GCC_WARN_UNINITIALIZED_AUTOS = YES_AGGRESSIVE;
				GCC_WARN_UNUSED_FUNCTION = YES;
				GCC_WARN_UNUSED_VARIABLE = YES;
				IPHONEOS_DEPLOYMENT_TARGET = 14.4;
				MTL_ENABLE_DEBUG_INFO = NO;
				MTL_FAST_MATH = YES;
				SDKROOT = iphoneos;
				SWIFT_COMPILATION_MODE = wholemodule;
				SWIFT_OPTIMIZATION_LEVEL = "-O";
				VALIDATE_PRODUCT = YES;
			};
			name = Release;
		};
		6CE5BF2026395F21007DD106 /* Debug */ = {
			isa = XCBuildConfiguration;
			buildSettings = {
				ASSETCATALOG_COMPILER_APPICON_NAME = AppIcon;
				ASSETCATALOG_COMPILER_GLOBAL_ACCENT_COLOR_NAME = AccentColor;
				CODE_SIGN_STYLE = Automatic;
				DEVELOPMENT_TEAM = 354ZXG6M8K;
				INFOPLIST_FILE = Overlay/Info.plist;
				LD_RUNPATH_SEARCH_PATHS = (
					"$(inherited)",
					"@executable_path/Frameworks",
				);
				PRODUCT_BUNDLE_IDENTIFIER = com.blain.Overlay;
				PRODUCT_NAME = "$(TARGET_NAME)";
				SWIFT_VERSION = 5.0;
				TARGETED_DEVICE_FAMILY = "1,2";
			};
			name = Debug;
		};
		6CE5BF2126395F21007DD106 /* Release */ = {
			isa = XCBuildConfiguration;
			buildSettings = {
				ASSETCATALOG_COMPILER_APPICON_NAME = AppIcon;
				ASSETCATALOG_COMPILER_GLOBAL_ACCENT_COLOR_NAME = AccentColor;
				CODE_SIGN_STYLE = Automatic;
				DEVELOPMENT_TEAM = 354ZXG6M8K;
				INFOPLIST_FILE = Overlay/Info.plist;
				LD_RUNPATH_SEARCH_PATHS = (
					"$(inherited)",
					"@executable_path/Frameworks",
				);
				PRODUCT_BUNDLE_IDENTIFIER = com.blain.Overlay;
				PRODUCT_NAME = "$(TARGET_NAME)";
				SWIFT_VERSION = 5.0;
				TARGETED_DEVICE_FAMILY = "1,2";
			};
			name = Release;
		};
/* End XCBuildConfiguration section */

/* Begin XCConfigurationList section */
		6CE5BF0626395F1F007DD106 /* Build configuration list for PBXProject "Overlay" */ = {
			isa = XCConfigurationList;
			buildConfigurations = (
				6CE5BF1D26395F21007DD106 /* Debug */,
				6CE5BF1E26395F21007DD106 /* Release */,
			);
			defaultConfigurationIsVisible = 0;
			defaultConfigurationName = Release;
		};
		6CE5BF1F26395F21007DD106 /* Build configuration list for PBXNativeTarget "Overlay" */ = {
			isa = XCConfigurationList;
			buildConfigurations = (
				6CE5BF2026395F21007DD106 /* Debug */,
				6CE5BF2126395F21007DD106 /* Release */,
			);
			defaultConfigurationIsVisible = 0;
			defaultConfigurationName = Release;
		};
/* End XCConfigurationList section */
	};
	rootObject = 6CE5BF0326395F1F007DD106 /* Project object */;
}
